
Microsoft Visual Studio Solution File, Format Version 12.00
# Visual Studio Version 16
VisualStudioVersion = 16.0.30907.101
MinimumVisualStudioVersion = 10.0.40219.1
Project("{9A19103F-16F7-4668-BE54-9A1E7A4F7556}") = "HesabiniBil", "HesabiniBil\HesabiniBil.csproj", "{26DC5B5E-0743-45AA-8971-D9EEDD4A5DE8}"
EndProject
Project("{9A19103F-16F7-4668-BE54-9A1E7A4F7556}") = "Feature.Stocks", "Feature.Stocks\Feature.Stocks.csproj", "{45B3F6A9-5559-464D-8B51-C575E79C8E57}"
EndProject
Project("{2150E333-8FDC-42A3-9474-1A3956D46DE8}") = "Application", "Application", "{1EE7FACE-0A0F-4A1E-B5C8-D70C5F90B64F}"
EndProject
Project("{2150E333-8FDC-42A3-9474-1A3956D46DE8}") = "Domain", "Domain", "{F2365D0A-80D4-420F-A689-D1178B8CE961}"
EndProject
Project("{9A19103F-16F7-4668-BE54-9A1E7A4F7556}") = "Domain.Stocks", "Domain.Stocks\Domain.Stocks.csproj", "{1D69CC28-515E-4CA3-AFA2-96BE1FEC128B}"
EndProject
Project("{2150E333-8FDC-42A3-9474-1A3956D46DE8}") = "Infrastructure", "Infrastructure", "{B5CB751F-CDBB-4446-87A6-77C9AC4FA5C3}"
EndProject
Project("{2150E333-8FDC-42A3-9474-1A3956D46DE8}") = "Presenter", "Presenter", "{E5E8D0E2-B679-4E00-A146-CCAE304FECFF}"
EndProject
Project("{9A19103F-16F7-4668-BE54-9A1E7A4F7556}") = "Core", "Core\Core.csproj", "{D96F65A4-1CCA-47BA-8F94-D1237585740D}"
EndProject
Project("{9A19103F-16F7-4668-BE54-9A1E7A4F7556}") = "Feature.Auth", "Feature.Auth\Feature.Auth.csproj", "{0C41372F-3290-478F-A1FE-456B91B1C634}"
EndProject
Project("{9A19103F-16F7-4668-BE54-9A1E7A4F7556}") = "Domain.Auth", "Domain.Auth\Domain.Auth.csproj", "{3707ED1A-0EB2-4362-99FA-24E799A7C2CD}"
EndProject
Project("{9A19103F-16F7-4668-BE54-9A1E7A4F7556}") = "Cache.Stocks", "Cache.Stocks\Cache.Stocks.csproj", "{968AD1C8-7CF9-4882-8A97-91792EAFDF5B}"
EndProject
Project("{9A19103F-16F7-4668-BE54-9A1E7A4F7556}") = "Core.Firebase", "Core.Firebase\Core.Firebase.csproj", "{7350B392-F9CD-47F6-9845-BE28D6AC3E4A}"
EndProject
Project("{9A19103F-16F7-4668-BE54-9A1E7A4F7556}") = "Feature.Assets", "Feature.Assets\Feature.Assets.csproj", "{0D6D2192-F489-4123-B89E-7E8BAE4D430F}"
EndProject
Project("{FAE04EC0-301F-11D3-BF4B-00C04F79EFBC}") = "Domain.Assets", "Domain.Asstes\Domain.Assets.csproj", "{439FD844-25FE-46B3-BE19-45DF2F1F42E2}"
EndProject
Global
	GlobalSection(SolutionConfigurationPlatforms) = preSolution
		Debug|Any CPU = Debug|Any CPU
		Debug|x86 = Debug|x86
		Release|Any CPU = Release|Any CPU
		Release|x86 = Release|x86
	EndGlobalSection
	GlobalSection(ProjectConfigurationPlatforms) = postSolution
		{26DC5B5E-0743-45AA-8971-D9EEDD4A5DE8}.Debug|Any CPU.ActiveCfg = Debug|Any CPU
		{26DC5B5E-0743-45AA-8971-D9EEDD4A5DE8}.Debug|Any CPU.Build.0 = Debug|Any CPU
		{26DC5B5E-0743-45AA-8971-D9EEDD4A5DE8}.Debug|x86.ActiveCfg = Debug|x86
		{26DC5B5E-0743-45AA-8971-D9EEDD4A5DE8}.Debug|x86.Build.0 = Debug|x86
		{26DC5B5E-0743-45AA-8971-D9EEDD4A5DE8}.Release|Any CPU.ActiveCfg = Release|Any CPU
		{26DC5B5E-0743-45AA-8971-D9EEDD4A5DE8}.Release|Any CPU.Build.0 = Release|Any CPU
		{26DC5B5E-0743-45AA-8971-D9EEDD4A5DE8}.Release|x86.ActiveCfg = Release|x86
		{26DC5B5E-0743-45AA-8971-D9EEDD4A5DE8}.Release|x86.Build.0 = Release|x86
		{45B3F6A9-5559-464D-8B51-C575E79C8E57}.Debug|Any CPU.ActiveCfg = Debug|Any CPU
		{45B3F6A9-5559-464D-8B51-C575E79C8E57}.Debug|Any CPU.Build.0 = Debug|Any CPU
		{45B3F6A9-5559-464D-8B51-C575E79C8E57}.Debug|x86.ActiveCfg = Debug|x86
		{45B3F6A9-5559-464D-8B51-C575E79C8E57}.Debug|x86.Build.0 = Debug|x86
		{45B3F6A9-5559-464D-8B51-C575E79C8E57}.Release|Any CPU.ActiveCfg = Release|Any CPU
		{45B3F6A9-5559-464D-8B51-C575E79C8E57}.Release|Any CPU.Build.0 = Release|Any CPU
		{45B3F6A9-5559-464D-8B51-C575E79C8E57}.Release|x86.ActiveCfg = Release|x86
		{45B3F6A9-5559-464D-8B51-C575E79C8E57}.Release|x86.Build.0 = Release|x86
		{1D69CC28-515E-4CA3-AFA2-96BE1FEC128B}.Debug|Any CPU.ActiveCfg = Debug|Any CPU
		{1D69CC28-515E-4CA3-AFA2-96BE1FEC128B}.Debug|Any CPU.Build.0 = Debug|Any CPU
		{1D69CC28-515E-4CA3-AFA2-96BE1FEC128B}.Debug|x86.ActiveCfg = Debug|x86
		{1D69CC28-515E-4CA3-AFA2-96BE1FEC128B}.Debug|x86.Build.0 = Debug|x86
		{1D69CC28-515E-4CA3-AFA2-96BE1FEC128B}.Release|Any CPU.ActiveCfg = Release|Any CPU
		{1D69CC28-515E-4CA3-AFA2-96BE1FEC128B}.Release|Any CPU.Build.0 = Release|Any CPU
		{1D69CC28-515E-4CA3-AFA2-96BE1FEC128B}.Release|x86.ActiveCfg = Release|x86
		{1D69CC28-515E-4CA3-AFA2-96BE1FEC128B}.Release|x86.Build.0 = Release|x86
		{D96F65A4-1CCA-47BA-8F94-D1237585740D}.Debug|Any CPU.ActiveCfg = Debug|Any CPU
		{D96F65A4-1CCA-47BA-8F94-D1237585740D}.Debug|Any CPU.Build.0 = Debug|Any CPU
		{D96F65A4-1CCA-47BA-8F94-D1237585740D}.Debug|x86.ActiveCfg = Debug|x86
		{D96F65A4-1CCA-47BA-8F94-D1237585740D}.Debug|x86.Build.0 = Debug|x86
		{D96F65A4-1CCA-47BA-8F94-D1237585740D}.Release|Any CPU.ActiveCfg = Release|Any CPU
		{D96F65A4-1CCA-47BA-8F94-D1237585740D}.Release|Any CPU.Build.0 = Release|Any CPU
		{D96F65A4-1CCA-47BA-8F94-D1237585740D}.Release|x86.ActiveCfg = Release|x86
		{D96F65A4-1CCA-47BA-8F94-D1237585740D}.Release|x86.Build.0 = Release|x86
		{0C41372F-3290-478F-A1FE-456B91B1C634}.Debug|Any CPU.ActiveCfg = Debug|Any CPU
		{0C41372F-3290-478F-A1FE-456B91B1C634}.Debug|Any CPU.Build.0 = Debug|Any CPU
		{0C41372F-3290-478F-A1FE-456B91B1C634}.Debug|x86.ActiveCfg = Debug|x86
		{0C41372F-3290-478F-A1FE-456B91B1C634}.Debug|x86.Build.0 = Debug|x86
		{0C41372F-3290-478F-A1FE-456B91B1C634}.Release|Any CPU.ActiveCfg = Release|Any CPU
		{0C41372F-3290-478F-A1FE-456B91B1C634}.Release|Any CPU.Build.0 = Release|Any CPU
		{0C41372F-3290-478F-A1FE-456B91B1C634}.Release|x86.ActiveCfg = Release|x86
		{0C41372F-3290-478F-A1FE-456B91B1C634}.Release|x86.Build.0 = Release|x86
		{3707ED1A-0EB2-4362-99FA-24E799A7C2CD}.Debug|Any CPU.ActiveCfg = Debug|Any CPU
		{3707ED1A-0EB2-4362-99FA-24E799A7C2CD}.Debug|Any CPU.Build.0 = Debug|Any CPU
		{3707ED1A-0EB2-4362-99FA-24E799A7C2CD}.Debug|x86.ActiveCfg = Debug|x86
		{3707ED1A-0EB2-4362-99FA-24E799A7C2CD}.Debug|x86.Build.0 = Debug|x86
		{3707ED1A-0EB2-4362-99FA-24E799A7C2CD}.Release|Any CPU.ActiveCfg = Release|Any CPU
		{3707ED1A-0EB2-4362-99FA-24E799A7C2CD}.Release|Any CPU.Build.0 = Release|Any CPU
		{3707ED1A-0EB2-4362-99FA-24E799A7C2CD}.Release|x86.ActiveCfg = Release|x86
		{3707ED1A-0EB2-4362-99FA-24E799A7C2CD}.Release|x86.Build.0 = Release|x86
		{968AD1C8-7CF9-4882-8A97-91792EAFDF5B}.Debug|Any CPU.ActiveCfg = Debug|Any CPU
		{968AD1C8-7CF9-4882-8A97-91792EAFDF5B}.Debug|Any CPU.Build.0 = Debug|Any CPU
		{968AD1C8-7CF9-4882-8A97-91792EAFDF5B}.Debug|x86.ActiveCfg = Debug|x86
		{968AD1C8-7CF9-4882-8A97-91792EAFDF5B}.Debug|x86.Build.0 = Debug|x86
		{968AD1C8-7CF9-4882-8A97-91792EAFDF5B}.Release|Any CPU.ActiveCfg = Release|Any CPU
		{968AD1C8-7CF9-4882-8A97-91792EAFDF5B}.Release|Any CPU.Build.0 = Release|Any CPU
		{968AD1C8-7CF9-4882-8A97-91792EAFDF5B}.Release|x86.ActiveCfg = Release|x86
		{968AD1C8-7CF9-4882-8A97-91792EAFDF5B}.Release|x86.Build.0 = Release|x86
		{7350B392-F9CD-47F6-9845-BE28D6AC3E4A}.Debug|Any CPU.ActiveCfg = Debug|Any CPU
		{7350B392-F9CD-47F6-9845-BE28D6AC3E4A}.Debug|Any CPU.Build.0 = Debug|Any CPU
		{7350B392-F9CD-47F6-9845-BE28D6AC3E4A}.Debug|x86.ActiveCfg = Debug|x86
		{7350B392-F9CD-47F6-9845-BE28D6AC3E4A}.Debug|x86.Build.0 = Debug|x86
		{7350B392-F9CD-47F6-9845-BE28D6AC3E4A}.Release|Any CPU.ActiveCfg = Release|Any CPU
		{7350B392-F9CD-47F6-9845-BE28D6AC3E4A}.Release|Any CPU.Build.0 = Release|Any CPU
		{7350B392-F9CD-47F6-9845-BE28D6AC3E4A}.Release|x86.ActiveCfg = Release|x86
		{7350B392-F9CD-47F6-9845-BE28D6AC3E4A}.Release|x86.Build.0 = Release|x86
		{0D6D2192-F489-4123-B89E-7E8BAE4D430F}.Debug|Any CPU.ActiveCfg = Debug|Any CPU
		{0D6D2192-F489-4123-B89E-7E8BAE4D430F}.Debug|Any CPU.Build.0 = Debug|Any CPU
		{0D6D2192-F489-4123-B89E-7E8BAE4D430F}.Debug|x86.ActiveCfg = Debug|Any CPU
		{0D6D2192-F489-4123-B89E-7E8BAE4D430F}.Debug|x86.Build.0 = Debug|Any CPU
		{0D6D2192-F489-4123-B89E-7E8BAE4D430F}.Release|Any CPU.ActiveCfg = Release|Any CPU
		{0D6D2192-F489-4123-B89E-7E8BAE4D430F}.Release|Any CPU.Build.0 = Release|Any CPU
		{0D6D2192-F489-4123-B89E-7E8BAE4D430F}.Release|x86.ActiveCfg = Release|Any CPU
		{0D6D2192-F489-4123-B89E-7E8BAE4D430F}.Release|x86.Build.0 = Release|Any CPU
		{439FD844-25FE-46B3-BE19-45DF2F1F42E2}.Debug|Any CPU.ActiveCfg = Debug|Any CPU
		{439FD844-25FE-46B3-BE19-45DF2F1F42E2}.Debug|Any CPU.Build.0 = Debug|Any CPU
		{439FD844-25FE-46B3-BE19-45DF2F1F42E2}.Debug|x86.ActiveCfg = Debug|Any CPU
		{439FD844-25FE-46B3-BE19-45DF2F1F42E2}.Debug|x86.Build.0 = Debug|Any CPU
		{439FD844-25FE-46B3-BE19-45DF2F1F42E2}.Release|Any CPU.ActiveCfg = Release|Any CPU
		{439FD844-25FE-46B3-BE19-45DF2F1F42E2}.Release|Any CPU.Build.0 = Release|Any CPU
		{439FD844-25FE-46B3-BE19-45DF2F1F42E2}.Release|x86.ActiveCfg = Release|Any CPU
		{439FD844-25FE-46B3-BE19-45DF2F1F42E2}.Release|x86.Build.0 = Release|Any CPU
	EndGlobalSection
	GlobalSection(SolutionProperties) = preSolution
		HideSolutionNode = FALSE
	EndGlobalSection
	GlobalSection(NestedProjects) = preSolution
		{26DC5B5E-0743-45AA-8971-D9EEDD4A5DE8} = {E5E8D0E2-B679-4E00-A146-CCAE304FECFF}
		{45B3F6A9-5559-464D-8B51-C575E79C8E57} = {1EE7FACE-0A0F-4A1E-B5C8-D70C5F90B64F}
		{1D69CC28-515E-4CA3-AFA2-96BE1FEC128B} = {F2365D0A-80D4-420F-A689-D1178B8CE961}
		{D96F65A4-1CCA-47BA-8F94-D1237585740D} = {B5CB751F-CDBB-4446-87A6-77C9AC4FA5C3}
		{0C41372F-3290-478F-A1FE-456B91B1C634} = {1EE7FACE-0A0F-4A1E-B5C8-D70C5F90B64F}
		{3707ED1A-0EB2-4362-99FA-24E799A7C2CD} = {F2365D0A-80D4-420F-A689-D1178B8CE961}
		{968AD1C8-7CF9-4882-8A97-91792EAFDF5B} = {B5CB751F-CDBB-4446-87A6-77C9AC4FA5C3}
		{7350B392-F9CD-47F6-9845-BE28D6AC3E4A} = {B5CB751F-CDBB-4446-87A6-77C9AC4FA5C3}
		{0D6D2192-F489-4123-B89E-7E8BAE4D430F} = {1EE7FACE-0A0F-4A1E-B5C8-D70C5F90B64F}
		{439FD844-25FE-46B3-BE19-45DF2F1F42E2} = {F2365D0A-80D4-420F-A689-D1178B8CE961}
	EndGlobalSection
	GlobalSection(ExtensibilityGlobals) = postSolution
		SolutionGuid = {8DEB3916-939D-405B-8DAD-4CF7B6E1D778}
	EndGlobalSection
EndGlobal
